<?xml version="1.0" encoding="utf-8"?>
<Project ToolsVersion="4.0" xmlns="http://schemas.microsoft.com/developer/msbuild/2003">
  <ItemGroup>
    <Filter Include="Source Files">
      <UniqueIdentifier>{4FC737F1-C7A5-4376-A066-2A32D752A2FF}</UniqueIdentifier>
      <Extensions>cpp;c;cc;cxx;def;odl;idl;hpj;bat;asm;asmx</Extensions>
    </Filter>
    <Filter Include="Header Files">
      <UniqueIdentifier>{93995380-89BD-4b04-88EB-625FBE52EBFB}</UniqueIdentifier>
      <Extensions>h;hh;hpp;hxx;hm;inl;inc;xsd</Extensions>
    </Filter>
    <Filter Include="Resource Files">
      <UniqueIdentifier>{67DA6AB6-F800-4c08-8B7A-83BB121AAD01}</UniqueIdentifier>
      <Extensions>rc;ico;cur;bmp;dlg;rc2;rct;bin;rgs;gif;jpg;jpeg;jpe;resx;tiff;tif;png;wav;mfcribbon-ms</Extensions>
    </Filter>
    <Filter Include="Sensors">
      <UniqueIdentifier>{47bb31f3-b787-4d4e-b4a9-8a62b98cebce}</UniqueIdentifier>
    </Filter>
    <Filter Include="PubSub">
      <UniqueIdentifier>{4672817b-b3ca-486c-9cb3-9775e4477cb6}</UniqueIdentifier>
    </Filter>
    <Filter Include="I2C">
      <UniqueIdentifier>{80e58fa3-909c-4130-a3b5-1d308e0945f5}</UniqueIdentifier>
    </Filter>
  </ItemGroup>
  <ItemGroup>
    <None Include="SensorBox.ino" />
  </ItemGroup>
  <ItemGroup>
    <ClInclude Include="__vm\.SensorBox.vsarduino.h">
      <Filter>Header Files</Filter>
    </ClInclude>
    <ClInclude Include="LightSensor.h">
      <Filter>Sensors</Filter>
    </ClInclude>
    <ClInclude Include="PubSubClient\PubSubClient.h">
      <Filter>PubSub</Filter>
    </ClInclude>
    <ClInclude Include="SensorWaterFlow_EGO_A_75Q.h">
      <Filter>Sensors</Filter>
    </ClInclude>
    <ClInclude Include="I2C\I2C.h">
      <Filter>I2C</Filter>
    </ClInclude>
    <ClInclude Include="SensorPhMeter.h">
      <Filter>Sensors</Filter>
    </ClInclude>
    <ClInclude Include="SensorDS18B20.h">
      <Filter>Sensors</Filter>
    </ClInclude>
    <ClInclude Include="Variables.h" />
    <ClInclude Include="DataStore.h" />
    <ClInclude Include="Network.h" />
    <ClInclude Include="SensorEC_OpenGarden.h">
      <Filter>Sensors</Filter>
    </ClInclude>
  </ItemGroup>
  <ItemGroup>
    <ClCompile Include="PubSubClient\PubSubClient.cpp">
      <Filter>PubSub</Filter>
    </ClCompile>
    <ClCompile Include="I2C\I2C.cpp">
      <Filter>I2C</Filter>
    </ClCompile>
  </ItemGroup>
</Project>